{
  "name": "sinosun-operation-ui",
  "version": "0.0.1",
  "lockfileVersion": 1,
  "requires": true,
  "dependencies": {
    "@babel/runtime": {
      "version": "7.13.9",
      "resolved": "http://10.0.5.26:8081/repository/sinosun-front-npm-group/@babel/runtime/-/runtime-7.13.9.tgz",
      "integrity": "sha1-l9viEW4mMMSJ8i4GVt7NYKqh/O4=",
      "dev": true,
      "requires": {
        "regenerator-runtime": "^0.13.4"
      }
    },
    "@types/axios": {
      "version": "0.14.0",
      "resolved": "http://10.0.5.26:8081/repository/sinosun-front-npm-group/@types/axios/-/axios-0.14.0.tgz",
      "integrity": "sha1-7CMA++fX3d1+udOr+HmZlkyvzkY=",
      "requires": {
        "axios": "*"
      }
    },
    "@types/node": {
      "version": "14.14.31",
      "resolved": "http://10.0.5.26:8081/repository/sinosun-front-npm-group/@types/node/-/node-14.14.31.tgz",
      "integrity": "sha1-cihr0z0TeqDRUtR+x8F2JWPTQFU="
    },
    "@types/qs": {
      "version": "6.9.5",
      "resolved": "http://10.0.5.26:8081/repository/sinosun-front-npm-group/@types/qs/-/qs-6.9.5.tgz",
      "integrity": "sha1-Q0cRvdSete5p2QwdZ8NUqajssYs="
    },
    "adler-32": {
      "version": "1.2.0",
      "resolved": "http://10.0.5.26:8081/repository/sinosun-front-npm-group/adler-32/-/adler-32-1.2.0.tgz",
      "integrity": "sha1-aj5r8KY5ALoVZSgIyxXGgT0aXyU=",
      "requires": {
        "exit-on-epipe": "~1.0.1",
        "printj": "~1.1.0"
      }
    },
    "ansi-styles": {
      "version": "3.2.1",
      "resolved": "http://10.0.5.26:8081/repository/sinosun-front-npm-group/ansi-styles/-/ansi-styles-3.2.1.tgz",
      "integrity": "sha1-QfuyAkPlCxK+DwS43tvwdSDOhB0=",
      "dev": true,
      "requires": {
        "color-convert": "^1.9.0"
      }
    },
    "async-validator": {
      "version": "1.8.5",
      "resolved": "http://10.0.5.26:8081/repository/sinosun-front-npm-group/async-validator/-/async-validator-1.8.5.tgz",
      "integrity": "sha1-3D4I7B/Q3dtn5ghC8CwM0c7G1/A=",
      "requires": {
        "babel-runtime": "6.x"
      }
    },
    "autoprefixer": {
      "version": "9.8.6",
      "resolved": "http://10.0.5.26:8081/repository/sinosun-front-npm-group/autoprefixer/-/autoprefixer-9.8.6.tgz",
      "integrity": "sha1-O3NZTKG/kmYyDFrPFYjXTep0IQ8=",
      "dev": true,
      "requires": {
        "browserslist": "^4.12.0",
        "caniuse-lite": "^1.0.30001109",
        "colorette": "^1.2.1",
        "normalize-range": "^0.1.2",
        "num2fraction": "^1.2.2",
        "postcss": "^7.0.32",
        "postcss-value-parser": "^4.1.0"
      }
    },
    "axios": {
      "version": "0.16.2",
      "resolved": "http://10.0.5.26:8081/repository/sinosun-front-npm-group/axios/-/axios-0.16.2.tgz",
      "integrity": "sha1-uk+S8XFn37q0CYN4VFS5rBScPG0=",
      "requires": {
        "follow-redirects": "^1.2.3",
        "is-buffer": "^1.1.5"
      }
    },
    "babel-helper-vue-jsx-merge-props": {
      "version": "2.0.3",
      "resolved": "http://10.0.5.26:8081/repository/sinosun-front-npm-group/babel-helper-vue-jsx-merge-props/-/babel-helper-vue-jsx-merge-props-2.0.3.tgz",
      "integrity": "sha1-Iq69OzOQIyjlEyk6jkmSs4T58bY="
    },
    "babel-runtime": {
      "version": "6.26.0",
      "resolved": "http://10.0.5.26:8081/repository/sinosun-front-npm-group/babel-runtime/-/babel-runtime-6.26.0.tgz",
      "integrity": "sha1-llxwWGaOgrVde/4E/yM3vItWR/4=",
      "requires": {
        "core-js": "^2.4.0",
        "regenerator-runtime": "^0.11.0"
      },
      "dependencies": {
        "core-js": {
          "version": "2.6.12",
          "resolved": "http://10.0.5.26:8081/repository/sinosun-front-npm-group/core-js/-/core-js-2.6.12.tgz",
          "integrity": "sha1-2TM9+nsGXjR8xWgiGdb2kIWcwuw="
        },
        "regenerator-runtime": {
          "version": "0.11.1",
          "resolved": "http://10.0.5.26:8081/repository/sinosun-front-npm-group/regenerator-runtime/-/regenerator-runtime-0.11.1.tgz",
          "integrity": "sha1-vgWtf5v30i4Fb5cmzuUBf78Z4uk="
        }
      }
    },
    "base64-js": {
      "version": "1.5.1",
      "resolved": "http://10.0.5.26:8081/repository/sinosun-front-npm-group/base64-js/-/base64-js-1.5.1.tgz",
      "integrity": "sha1-GxtEAWClv3rUC2UPCVljSBkDkwo="
    },
    "browserslist": {
      "version": "4.16.1",
      "resolved": "http://10.0.5.26:8081/repository/sinosun-front-npm-group/browserslist/-/browserslist-4.16.1.tgz",
      "integrity": "sha1-v3V6LaN2s0R7gAoW8PHJY1gTh2Y=",
      "dev": true,
      "requires": {
        "caniuse-lite": "^1.0.30001173",
        "colorette": "^1.2.1",
        "electron-to-chromium": "^1.3.634",
        "escalade": "^3.1.1",
        "node-releases": "^1.1.69"
      }
    },
    "buffer": {
      "version": "5.7.1",
      "resolved": "http://10.0.5.26:8081/repository/sinosun-front-npm-group/buffer/-/buffer-5.7.1.tgz",
      "integrity": "sha1-umLnwTEzBTWCGXFghRqPZI6Z7tA=",
      "requires": {
        "base64-js": "^1.3.1",
        "ieee754": "^1.1.13"
      }
    },
    "caniuse-lite": {
      "version": "1.0.30001178",
      "resolved": "http://10.0.5.26:8081/repository/sinosun-front-npm-group/caniuse-lite/-/caniuse-lite-1.0.30001178.tgz",
      "integrity": "sha1-OtgTsrLH1YWwvgokQOHiM8bqvbw=",
      "dev": true
    },
    "cfb": {
      "version": "1.2.0",
      "resolved": "http://10.0.5.26:8081/repository/sinosun-front-npm-group/cfb/-/cfb-1.2.0.tgz",
      "integrity": "sha1-ak0IcrUl7WA0nh71H7Swv3Psqag=",
      "requires": {
        "adler-32": "~1.2.0",
        "crc-32": "~1.2.0",
        "printj": "~1.1.2"
      }
    },
    "chalk": {
      "version": "2.4.2",
      "resolved": "http://10.0.5.26:8081/repository/sinosun-front-npm-group/chalk/-/chalk-2.4.2.tgz",
      "integrity": "sha1-zUJUFnelQzPPVBpJEIwUMrRMlCQ=",
      "dev": true,
      "requires": {
        "ansi-styles": "^3.2.1",
        "escape-string-regexp": "^1.0.5",
        "supports-color": "^5.3.0"
      },
      "dependencies": {
        "supports-color": {
          "version": "5.5.0",
          "resolved": "http://10.0.5.26:8081/repository/sinosun-front-npm-group/supports-color/-/supports-color-5.5.0.tgz",
          "integrity": "sha1-4uaaRKyHcveKHsCzW2id9lMO/I8=",
          "dev": true,
          "requires": {
            "has-flag": "^3.0.0"
          }
        }
      }
    },
    "codepage": {
      "version": "1.14.0",
      "resolved": "http://10.0.5.26:8081/repository/sinosun-front-npm-group/codepage/-/codepage-1.14.0.tgz",
      "integrity": "sha1-jL4lSBMjVZ19MHVxsP/5HnodL5k=",
      "requires": {
        "commander": "~2.14.1",
        "exit-on-epipe": "~1.0.1"
      },
      "dependencies": {
        "commander": {
          "version": "2.14.1",
          "resolved": "http://10.0.5.26:8081/repository/sinosun-front-npm-group/commander/-/commander-2.14.1.tgz",
          "integrity": "sha1-IjUSPjevjKPGXfRbAm29NXsBuao="
        }
      }
    },
    "color-convert": {
      "version": "1.9.3",
      "resolved": "http://10.0.5.26:8081/repository/sinosun-front-npm-group/color-convert/-/color-convert-1.9.3.tgz",
      "integrity": "sha1-u3GFBpDh8TZWfeYp0tVHHe2kweg=",
      "dev": true,
      "requires": {
        "color-name": "1.1.3"
      }
    },
    "color-name": {
      "version": "1.1.3",
      "resolved": "http://10.0.5.26:8081/repository/sinosun-front-npm-group/color-name/-/color-name-1.1.3.tgz",
      "integrity": "sha1-p9BVi9icQveV3UIyj3QIMcpTvCU=",
      "dev": true
    },
    "colorette": {
      "version": "1.2.1",
      "resolved": "http://10.0.5.26:8081/repository/sinosun-front-npm-group/colorette/-/colorette-1.2.1.tgz",
      "integrity": "sha1-TQuSEyXBT6+SYzCGpTbbbolWSxs=",
      "dev": true
    },
    "commander": {
      "version": "2.17.1",
      "resolved": "http://10.0.5.26:8081/repository/sinosun-front-npm-group/commander/-/commander-2.17.1.tgz",
      "integrity": "sha1-vXerfebelCBc6sxy8XFtKfIKd78="
    },
    "core-util-is": {
      "version": "1.0.2",
      "resolved": "http://10.0.5.26:8081/repository/sinosun-front-npm-group/core-util-is/-/core-util-is-1.0.2.tgz",
      "integrity": "sha1-tf1UIgqivFq1eqtxQMlAdUUDwac="
    },
    "crc-32": {
      "version": "1.2.0",
      "resolved": "http://10.0.5.26:8081/repository/sinosun-front-npm-group/crc-32/-/crc-32-1.2.0.tgz",
      "integrity": "sha1-yy224puIUI4y2d0OwWk+e0Ghggg=",
      "requires": {
        "exit-on-epipe": "~1.0.1",
        "printj": "~1.1.0"
      }
    },
    "crypto": {
      "version": "1.0.1",
      "resolved": "http://10.0.5.26:8081/repository/sinosun-front-npm-group/crypto/-/crypto-1.0.1.tgz",
      "integrity": "sha1-KvG3ytgXXSTIobB3glV5SiGAMDc="
    },
    "crypto-js": {
      "version": "4.0.0",
      "resolved": "http://10.0.5.26:8081/repository/sinosun-front-npm-group/crypto-js/-/crypto-js-4.0.0.tgz",
      "integrity": "sha1-KQSrJnep0EKFai6i74DekuSjbcw="
    },
    "deepmerge": {
      "version": "1.5.2",
      "resolved": "http://10.0.5.26:8081/repository/sinosun-front-npm-group/deepmerge/-/deepmerge-1.5.2.tgz",
      "integrity": "sha1-EEmdhohEza1P7ghC34x/bwyVp1M="
    },
    "electron-to-chromium": {
      "version": "1.3.642",
      "resolved": "http://10.0.5.26:8081/repository/sinosun-front-npm-group/electron-to-chromium/-/electron-to-chromium-1.3.642.tgz",
      "integrity": "sha1-i4hPUClsKuKpmX8CTQ4+V/rMK5Q=",
      "dev": true
    },
    "element-ui": {
      "version": "2.15.1",
      "resolved": "http://10.0.5.26:8081/repository/sinosun-front-npm-group/element-ui/-/element-ui-2.15.1.tgz",
      "integrity": "sha1-raAKpuMsAndKLndWPdhGaPgTzf8=",
      "requires": {
        "async-validator": "~1.8.1",
        "babel-helper-vue-jsx-merge-props": "^2.0.0",
        "deepmerge": "^1.2.0",
        "normalize-wheel": "^1.0.1",
        "resize-observer-polyfill": "^1.5.0",
        "throttle-debounce": "^1.0.1"
      }
    },
    "escalade": {
      "version": "3.1.1",
      "resolved": "http://10.0.5.26:8081/repository/sinosun-front-npm-group/escalade/-/escalade-3.1.1.tgz",
      "integrity": "sha1-2M/ccACWXFoBdLSoLqpcBVJ0LkA=",
      "dev": true
    },
    "escape-string-regexp": {
      "version": "1.0.5",
      "resolved": "http://10.0.5.26:8081/repository/sinosun-front-npm-group/escape-string-regexp/-/escape-string-regexp-1.0.5.tgz",
      "integrity": "sha1-G2HAViGQqN/2rjuyzwIAyhMLhtQ=",
      "dev": true
    },
    "exit-on-epipe": {
      "version": "1.0.1",
      "resolved": "http://10.0.5.26:8081/repository/sinosun-front-npm-group/exit-on-epipe/-/exit-on-epipe-1.0.1.tgz",
      "integrity": "sha1-C92S6H1ShdJn2qgXHQ6wYVlolpI="
    },
    "follow-redirects": {
      "version": "1.13.1",
      "resolved": "http://10.0.5.26:8081/repository/sinosun-front-npm-group/follow-redirects/-/follow-redirects-1.13.1.tgz",
      "integrity": "sha1-X2m4Ezds7k/QR0o6uoNd8Eq3Y7c="
    },
    "frac": {
      "version": "1.1.2",
      "resolved": "http://10.0.5.26:8081/repository/sinosun-front-npm-group/frac/-/frac-1.1.2.tgz",
      "integrity": "sha1-PXT39keMiKG1AgMG10fcYxPHTQs="
    },
    "gm-crypto": {
      "version": "0.1.7",
      "resolved": "http://10.0.5.26:8081/repository/sinosun-front-npm-group/gm-crypto/-/gm-crypto-0.1.7.tgz",
      "integrity": "sha1-LNMJ/WA4xXhZLUxyugHmd8VzZK4=",
      "requires": {
        "buffer": "^5.7.0",
        "jsbn": "^1.1.0",
        "to-arraybuffer": "^1.0.1"
      }
    },
    "has-flag": {
      "version": "3.0.0",
      "resolved": "http://10.0.5.26:8081/repository/sinosun-front-npm-group/has-flag/-/has-flag-3.0.0.tgz",
      "integrity": "sha1-tdRU3CGZriJWmfNGfloH87lVuv0=",
      "dev": true
    },
    "ieee754": {
      "version": "1.2.1",
      "resolved": "http://10.0.5.26:8081/repository/sinosun-front-npm-group/ieee754/-/ieee754-1.2.1.tgz",
      "integrity": "sha1-jrehCmP/8l0VpXsAFYbRd9Gw01I="
    },
    "immediate": {
      "version": "3.0.6",
      "resolved": "http://10.0.5.26:8081/repository/sinosun-front-npm-group/immediate/-/immediate-3.0.6.tgz",
      "integrity": "sha1-nbHb0Pr43m++D13V5Wu2BigN5ps="
    },
    "inherits": {
      "version": "2.0.4",
      "resolved": "http://10.0.5.26:8081/repository/sinosun-front-npm-group/inherits/-/inherits-2.0.4.tgz",
      "integrity": "sha1-D6LGT5MpF8NDOg3tVTY6rjdBa3w="
    },
    "is-buffer": {
      "version": "1.1.6",
      "resolved": "http://10.0.5.26:8081/repository/sinosun-front-npm-group/is-buffer/-/is-buffer-1.1.6.tgz",
      "integrity": "sha1-76ouqdqg16suoTqXsritUf776L4="
    },
    "isarray": {
      "version": "1.0.0",
      "resolved": "http://10.0.5.26:8081/repository/sinosun-front-npm-group/isarray/-/isarray-1.0.0.tgz",
      "integrity": "sha1-u5NdSFgsuhaMBoNJV6VKPgcSTxE="
    },
    "jsbn": {
      "version": "1.1.0",
      "resolved": "http://10.0.5.26:8081/repository/sinosun-front-npm-group/jsbn/-/jsbn-1.1.0.tgz",
      "integrity": "sha1-sBMHyym2GKHtJux56RH4A8TaAEA="
    },
    "jszip": {
      "version": "3.5.0",
      "resolved": "http://10.0.5.26:8081/repository/sinosun-front-npm-group/jszip/-/jszip-3.5.0.tgz",
      "integrity": "sha1-tP0fNoJFNGZY54H+yWdYAkieFfY=",
      "requires": {
        "lie": "~3.3.0",
        "pako": "~1.0.2",
        "readable-stream": "~2.3.6",
        "set-immediate-shim": "~1.0.1"
      }
    },
    "lie": {
      "version": "3.3.0",
      "resolved": "http://10.0.5.26:8081/repository/sinosun-front-npm-group/lie/-/lie-3.3.0.tgz",
      "integrity": "sha1-3Pgt7lRfRgdNryAMfBxaCOD0D2o=",
      "requires": {
        "immediate": "~3.0.5"
      }
    },
    "node-releases": {
      "version": "1.1.70",
      "resolved": "http://10.0.5.26:8081/repository/sinosun-front-npm-group/node-releases/-/node-releases-1.1.70.tgz",
      "integrity": "sha1-ZuDtAnOqZWZtf+eP6+djSHVCagg=",
      "dev": true
    },
    "normalize-range": {
      "version": "0.1.2",
      "resolved": "http://10.0.5.26:8081/repository/sinosun-front-npm-group/normalize-range/-/normalize-range-0.1.2.tgz",
      "integrity": "sha1-LRDAa9/TEuqXd2laTShDlFa3WUI=",
      "dev": true
    },
    "normalize-wheel": {
      "version": "1.0.1",
      "resolved": "http://10.0.5.26:8081/repository/sinosun-front-npm-group/normalize-wheel/-/normalize-wheel-1.0.1.tgz",
      "integrity": "sha1-rsiGr/2wRQcNhWRH32Ls+GFG7EU="
    },
    "num2fraction": {
      "version": "1.2.2",
      "resolved": "http://10.0.5.26:8081/repository/sinosun-front-npm-group/num2fraction/-/num2fraction-1.2.2.tgz",
      "integrity": "sha1-b2gragJ6Tp3fpFZM0lidHU5mnt4=",
      "dev": true
    },
    "pako": {
      "version": "1.0.11",
      "resolved": "http://10.0.5.26:8081/repository/sinosun-front-npm-group/pako/-/pako-1.0.11.tgz",
      "integrity": "sha1-bJWZ00DVTf05RjgCUqNXBaa5kr8="
    },
    "postcss": {
      "version": "7.0.35",
      "resolved": "http://10.0.5.26:8081/repository/sinosun-front-npm-group/postcss/-/postcss-7.0.35.tgz",
      "integrity": "sha1-0r4AuZj38hHYonaXQHny6SuXDiQ=",
      "dev": true,
      "requires": {
        "chalk": "^2.4.2",
        "source-map": "^0.6.1",
        "supports-color": "^6.1.0"
      }
    },
    "postcss-value-parser": {
      "version": "4.1.0",
      "resolved": "http://10.0.5.26:8081/repository/sinosun-front-npm-group/postcss-value-parser/-/postcss-value-parser-4.1.0.tgz",
      "integrity": "sha1-RD9qIM7WSBor2k+oUypuVdeJoss=",
      "dev": true
    },
    "printj": {
      "version": "1.1.2",
      "resolved": "http://10.0.5.26:8081/repository/sinosun-front-npm-group/printj/-/printj-1.1.2.tgz",
      "integrity": "sha1-2Q3rKXWoufYA+zoclOP0xTx4oiI="
    },
    "process-nextick-args": {
      "version": "2.0.1",
      "resolved": "http://10.0.5.26:8081/repository/sinosun-front-npm-group/process-nextick-args/-/process-nextick-args-2.0.1.tgz",
      "integrity": "sha1-eCDZsWEgzFXKmud5JoCufbptf+I="
    },
    "qs": {
      "version": "6.9.6",
      "resolved": "http://10.0.5.26:8081/repository/sinosun-front-npm-group/qs/-/qs-6.9.6.tgz",
      "integrity": "sha1-Ju08gkOkMbKSSsqEzJBHHzXVoO4="
    },
    "readable-stream": {
      "version": "2.3.7",
      "resolved": "http://10.0.5.26:8081/repository/sinosun-front-npm-group/readable-stream/-/readable-stream-2.3.7.tgz",
      "integrity": "sha1-Hsoc9xGu+BTAT2IlKjamL2yyO1c=",
      "requires": {
        "core-util-is": "~1.0.0",
        "inherits": "~2.0.3",
        "isarray": "~1.0.0",
        "process-nextick-args": "~2.0.0",
        "safe-buffer": "~5.1.1",
        "string_decoder": "~1.1.1",
        "util-deprecate": "~1.0.1"
      }
    },
    "regenerator-runtime": {
      "version": "0.13.7",
      "resolved": "http://10.0.5.26:8081/repository/sinosun-front-npm-group/regenerator-runtime/-/regenerator-runtime-0.13.7.tgz",
      "integrity": "sha1-ysLazIoepnX+qrrriugziYrkb1U=",
      "dev": true
    },
    "resize-observer-polyfill": {
      "version": "1.5.1",
      "resolved": "http://10.0.5.26:8081/repository/sinosun-front-npm-group/resize-observer-polyfill/-/resize-observer-polyfill-1.5.1.tgz",
      "integrity": "sha1-DpAg3T0hAkRY1OvSfiPkAmmBBGQ="
    },
    "safe-buffer": {
      "version": "5.1.2",
      "resolved": "http://10.0.5.26:8081/repository/sinosun-front-npm-group/safe-buffer/-/safe-buffer-5.1.2.tgz",
      "integrity": "sha1-mR7GnSluAxN0fVm9/St0XDX4go0="
    },
    "set-immediate-shim": {
      "version": "1.0.1",
      "resolved": "http://10.0.5.26:8081/repository/sinosun-front-npm-group/set-immediate-shim/-/set-immediate-shim-1.0.1.tgz",
      "integrity": "sha1-SysbJ+uAip+NzEgaWOXlb1mfP2E="
    },
    "sinosun-jwe": {
      "version": "0.0.1",
      "resolved": "http://10.0.5.26:8081/repository/sinosun-front-npm-group/sinosun-jwe/-/sinosun-jwe-0.0.1.tgz",
      "integrity": "sha512-3r4ioh4yIx08UIyu5IQeDZvuShdeRIM4/qdGFgg/fjyvxYSCsp3CrpKExinurcfWw4gqV9eI7cJfZBJKTZWJjg==",
      "requires": {
        "@types/axios": "^0.14.0",
        "@types/node": "^14.14.22",
        "@types/qs": "^6.9.5",
        "crypto": "^1.0.1",
        "gm-crypto": "^0.1.7"
      }
    },
    "source-map": {
      "version": "0.6.1",
      "resolved": "http://10.0.5.26:8081/repository/sinosun-front-npm-group/source-map/-/source-map-0.6.1.tgz",
      "integrity": "sha1-dHIq8y6WFOnCh6jQu95IteLxomM=",
      "dev": true
    },
    "ssf": {
      "version": "0.10.3",
      "resolved": "http://10.0.5.26:8081/repository/sinosun-front-npm-group/ssf/-/ssf-0.10.3.tgz",
      "integrity": "sha1-jq4fwpyQpVLnkhII+BiS1vd6yys=",
      "requires": {
        "frac": "~1.1.2"
      }
    },
    "string_decoder": {
      "version": "1.1.1",
      "resolved": "http://10.0.5.26:8081/repository/sinosun-front-npm-group/string_decoder/-/string_decoder-1.1.1.tgz",
      "integrity": "sha1-nPFhG6YmhdcDCunkujQUnDrwP8g=",
      "requires": {
        "safe-buffer": "~5.1.0"
      }
    },
    "supports-color": {
      "version": "6.1.0",
      "resolved": "http://10.0.5.26:8081/repository/sinosun-front-npm-group/supports-color/-/supports-color-6.1.0.tgz",
      "integrity": "sha1-B2Srxpxj1ayELdSGfo0CXogN+PM=",
      "dev": true,
      "requires": {
        "has-flag": "^3.0.0"
      }
    },
    "throttle-debounce": {
      "version": "1.1.0",
      "resolved": "http://10.0.5.26:8081/repository/sinosun-front-npm-group/throttle-debounce/-/throttle-debounce-1.1.0.tgz",
      "integrity": "sha1-UYU9o3vmihVctugns1FKPEIuic0="
    },
    "to-arraybuffer": {
      "version": "1.0.1",
      "resolved": "http://10.0.5.26:8081/repository/sinosun-front-npm-group/to-arraybuffer/-/to-arraybuffer-1.0.1.tgz",
      "integrity": "sha1-fSKbH8xjfkZsoIEYCDanqr/4P0M="
    },
    "util-deprecate": {
      "version": "1.0.2",
      "resolved": "http://10.0.5.26:8081/repository/sinosun-front-npm-group/util-deprecate/-/util-deprecate-1.0.2.tgz",
      "integrity": "sha1-RQ1Nyfpw3nMnYvvS1KKJgUGaDM8="
    },
    "vue": {
      "version": "2.6.11",
      "resolved": "http://10.0.5.26:8081/repository/sinosun-front-npm-group/vue/-/vue-2.6.11.tgz",
      "integrity": "sha1-dllNh31LEiNEBuhONSdcbVFBJcU="
    },
    "vuex": {
      "version": "3.6.2",
      "resolved": "http://10.0.5.26:8081/repository/sinosun-front-npm-group/vuex/-/vuex-3.6.2.tgz",
      "integrity": "sha1-I2vAhqhww655lG8QfxbeWdWJXnE="
    },
    "wmf": {
      "version": "1.0.2",
      "resolved": "http://10.0.5.26:8081/repository/sinosun-front-npm-group/wmf/-/wmf-1.0.2.tgz",
      "integrity": "sha1-fRnWIQcaCMK9xrfmiKnENSmMwto="
    },
    "xlsx": {
      "version": "0.15.6",
      "resolved": "http://10.0.5.26:8081/repository/sinosun-front-npm-group/xlsx/-/xlsx-0.15.6.tgz",
      "integrity": "sha1-Rh+EHW2eoag3XizSRr8jrs4IodU=",
      "requires": {
        "adler-32": "~1.2.0",
        "cfb": "^1.1.4",
        "codepage": "~1.14.0",
        "commander": "~2.17.1",
        "crc-32": "~1.2.0",
        "exit-on-epipe": "~1.0.1",
        "ssf": "~0.10.3",
        "wmf": "~1.0.1"
      }
    }
  }
}
