{
  "name": "sinosun-operation-ui",
  "version": "0.0.1",
  "lockfileVersion": 1,
  "requires": true,
  "dependencies": {
    "@types/axios": {
      "version": "0.14.0",
      "resolved": "http://10.0.5.26:8081/repository/sinosun-front-npm-group/@types/axios/-/axios-0.14.0.tgz",
      "integrity": "sha1-7CMA++fX3d1+udOr+HmZlkyvzkY=",
      "requires": {
        "axios": "*"
      }
    },
    "@types/node": {
      "version": "14.14.31",
      "resolved": "http://10.0.5.26:8081/repository/sinosun-front-npm-group/@types/node/-/node-14.14.31.tgz",
      "integrity": "sha1-cihr0z0TeqDRUtR+x8F2JWPTQFU="
    },
    "@types/qs": {
      "version": "6.9.5",
      "resolved": "http://10.0.5.26:8081/repository/sinosun-front-npm-group/@types/qs/-/qs-6.9.5.tgz",
      "integrity": "sha1-Q0cRvdSete5p2QwdZ8NUqajssYs="
    },
    "adler-32": {
      "version": "1.2.0",
      "resolved": "http://10.0.5.26:8081/repository/sinosun-front-npm-group/adler-32/-/adler-32-1.2.0.tgz",
      "integrity": "sha1-aj5r8KY5ALoVZSgIyxXGgT0aXyU=",
      "requires": {
        "exit-on-epipe": "~1.0.1",
        "printj": "~1.1.0"
      }
    },
    "axios": {
      "version": "0.16.2",
      "resolved": "http://10.0.5.26:8081/repository/sinosun-front-npm-group/axios/-/axios-0.16.2.tgz",
      "integrity": "sha1-uk+S8XFn37q0CYN4VFS5rBScPG0=",
      "requires": {
        "follow-redirects": "^1.2.3",
        "is-buffer": "^1.1.5"
      }
    },
    "base64-js": {
      "version": "1.5.1",
      "resolved": "http://10.0.5.26:8081/repository/sinosun-front-npm-group/base64-js/-/base64-js-1.5.1.tgz",
      "integrity": "sha1-GxtEAWClv3rUC2UPCVljSBkDkwo="
    },
    "buffer": {
      "version": "5.7.1",
      "resolved": "http://10.0.5.26:8081/repository/sinosun-front-npm-group/buffer/-/buffer-5.7.1.tgz",
      "integrity": "sha1-umLnwTEzBTWCGXFghRqPZI6Z7tA=",
      "requires": {
        "base64-js": "^1.3.1",
        "ieee754": "^1.1.13"
      }
    },
    "cfb": {
      "version": "1.2.0",
      "resolved": "http://10.0.5.26:8081/repository/sinosun-front-npm-group/cfb/-/cfb-1.2.0.tgz",
      "integrity": "sha1-ak0IcrUl7WA0nh71H7Swv3Psqag=",
      "requires": {
        "adler-32": "~1.2.0",
        "crc-32": "~1.2.0",
        "printj": "~1.1.2"
      }
    },
    "codepage": {
      "version": "1.14.0",
      "resolved": "http://10.0.5.26:8081/repository/sinosun-front-npm-group/codepage/-/codepage-1.14.0.tgz",
      "integrity": "sha1-jL4lSBMjVZ19MHVxsP/5HnodL5k=",
      "requires": {
        "commander": "~2.14.1",
        "exit-on-epipe": "~1.0.1"
      },
      "dependencies": {
        "commander": {
          "version": "2.14.1",
          "resolved": "http://10.0.5.26:8081/repository/sinosun-front-npm-group/commander/-/commander-2.14.1.tgz",
          "integrity": "sha1-IjUSPjevjKPGXfRbAm29NXsBuao="
        }
      }
    },
    "commander": {
      "version": "2.17.1",
      "resolved": "http://10.0.5.26:8081/repository/sinosun-front-npm-group/commander/-/commander-2.17.1.tgz",
      "integrity": "sha1-vXerfebelCBc6sxy8XFtKfIKd78="
    },
    "core-util-is": {
      "version": "1.0.2",
      "resolved": "http://10.0.5.26:8081/repository/sinosun-front-npm-group/core-util-is/-/core-util-is-1.0.2.tgz",
      "integrity": "sha1-tf1UIgqivFq1eqtxQMlAdUUDwac="
    },
    "crc-32": {
      "version": "1.2.0",
      "resolved": "http://10.0.5.26:8081/repository/sinosun-front-npm-group/crc-32/-/crc-32-1.2.0.tgz",
      "integrity": "sha1-yy224puIUI4y2d0OwWk+e0Ghggg=",
      "requires": {
        "exit-on-epipe": "~1.0.1",
        "printj": "~1.1.0"
      }
    },
    "crypto": {
      "version": "1.0.1",
      "resolved": "http://10.0.5.26:8081/repository/sinosun-front-npm-group/crypto/-/crypto-1.0.1.tgz",
      "integrity": "sha1-KvG3ytgXXSTIobB3glV5SiGAMDc="
    },
    "crypto-js": {
      "version": "4.0.0",
      "resolved": "http://10.0.5.26:8081/repository/sinosun-front-npm-group/crypto-js/-/crypto-js-4.0.0.tgz",
      "integrity": "sha1-KQSrJnep0EKFai6i74DekuSjbcw="
    },
    "exit-on-epipe": {
      "version": "1.0.1",
      "resolved": "http://10.0.5.26:8081/repository/sinosun-front-npm-group/exit-on-epipe/-/exit-on-epipe-1.0.1.tgz",
      "integrity": "sha1-C92S6H1ShdJn2qgXHQ6wYVlolpI="
    },
    "follow-redirects": {
      "version": "1.13.1",
      "resolved": "http://10.0.5.26:8081/repository/sinosun-front-npm-group/follow-redirects/-/follow-redirects-1.13.1.tgz",
      "integrity": "sha1-X2m4Ezds7k/QR0o6uoNd8Eq3Y7c="
    },
    "frac": {
      "version": "1.1.2",
      "resolved": "http://10.0.5.26:8081/repository/sinosun-front-npm-group/frac/-/frac-1.1.2.tgz",
      "integrity": "sha1-PXT39keMiKG1AgMG10fcYxPHTQs="
    },
    "gm-crypto": {
      "version": "0.1.7",
      "resolved": "http://10.0.5.26:8081/repository/sinosun-front-npm-group/gm-crypto/-/gm-crypto-0.1.7.tgz",
      "integrity": "sha1-LNMJ/WA4xXhZLUxyugHmd8VzZK4=",
      "requires": {
        "buffer": "^5.7.0",
        "jsbn": "^1.1.0",
        "to-arraybuffer": "^1.0.1"
      }
    },
    "ieee754": {
      "version": "1.2.1",
      "resolved": "http://10.0.5.26:8081/repository/sinosun-front-npm-group/ieee754/-/ieee754-1.2.1.tgz",
      "integrity": "sha1-jrehCmP/8l0VpXsAFYbRd9Gw01I="
    },
    "immediate": {
      "version": "3.0.6",
      "resolved": "http://10.0.5.26:8081/repository/sinosun-front-npm-group/immediate/-/immediate-3.0.6.tgz",
      "integrity": "sha1-nbHb0Pr43m++D13V5Wu2BigN5ps="
    },
    "inherits": {
      "version": "2.0.4",
      "resolved": "http://10.0.5.26:8081/repository/sinosun-front-npm-group/inherits/-/inherits-2.0.4.tgz",
      "integrity": "sha1-D6LGT5MpF8NDOg3tVTY6rjdBa3w="
    },
    "is-buffer": {
      "version": "1.1.6",
      "resolved": "http://10.0.5.26:8081/repository/sinosun-front-npm-group/is-buffer/-/is-buffer-1.1.6.tgz",
      "integrity": "sha1-76ouqdqg16suoTqXsritUf776L4="
    },
    "isarray": {
      "version": "1.0.0",
      "resolved": "http://10.0.5.26:8081/repository/sinosun-front-npm-group/isarray/-/isarray-1.0.0.tgz",
      "integrity": "sha1-u5NdSFgsuhaMBoNJV6VKPgcSTxE="
    },
    "jsbn": {
      "version": "1.1.0",
      "resolved": "http://10.0.5.26:8081/repository/sinosun-front-npm-group/jsbn/-/jsbn-1.1.0.tgz",
      "integrity": "sha1-sBMHyym2GKHtJux56RH4A8TaAEA="
    },
    "jszip": {
      "version": "3.5.0",
      "resolved": "http://10.0.5.26:8081/repository/sinosun-front-npm-group/jszip/-/jszip-3.5.0.tgz",
      "integrity": "sha1-tP0fNoJFNGZY54H+yWdYAkieFfY=",
      "requires": {
        "lie": "~3.3.0",
        "pako": "~1.0.2",
        "readable-stream": "~2.3.6",
        "set-immediate-shim": "~1.0.1"
      }
    },
    "lie": {
      "version": "3.3.0",
      "resolved": "http://10.0.5.26:8081/repository/sinosun-front-npm-group/lie/-/lie-3.3.0.tgz",
      "integrity": "sha1-3Pgt7lRfRgdNryAMfBxaCOD0D2o=",
      "requires": {
        "immediate": "~3.0.5"
      }
    },
    "pako": {
      "version": "1.0.11",
      "resolved": "http://10.0.5.26:8081/repository/sinosun-front-npm-group/pako/-/pako-1.0.11.tgz",
      "integrity": "sha1-bJWZ00DVTf05RjgCUqNXBaa5kr8="
    },
    "printj": {
      "version": "1.1.2",
      "resolved": "http://10.0.5.26:8081/repository/sinosun-front-npm-group/printj/-/printj-1.1.2.tgz",
      "integrity": "sha1-2Q3rKXWoufYA+zoclOP0xTx4oiI="
    },
    "process-nextick-args": {
      "version": "2.0.1",
      "resolved": "http://10.0.5.26:8081/repository/sinosun-front-npm-group/process-nextick-args/-/process-nextick-args-2.0.1.tgz",
      "integrity": "sha1-eCDZsWEgzFXKmud5JoCufbptf+I="
    },
    "qs": {
      "version": "6.9.6",
      "resolved": "http://10.0.5.26:8081/repository/sinosun-front-npm-group/qs/-/qs-6.9.6.tgz",
      "integrity": "sha1-Ju08gkOkMbKSSsqEzJBHHzXVoO4="
    },
    "readable-stream": {
      "version": "2.3.7",
      "resolved": "http://10.0.5.26:8081/repository/sinosun-front-npm-group/readable-stream/-/readable-stream-2.3.7.tgz",
      "integrity": "sha1-Hsoc9xGu+BTAT2IlKjamL2yyO1c=",
      "requires": {
        "core-util-is": "~1.0.0",
        "inherits": "~2.0.3",
        "isarray": "~1.0.0",
        "process-nextick-args": "~2.0.0",
        "safe-buffer": "~5.1.1",
        "string_decoder": "~1.1.1",
        "util-deprecate": "~1.0.1"
      }
    },
    "safe-buffer": {
      "version": "5.1.2",
      "resolved": "http://10.0.5.26:8081/repository/sinosun-front-npm-group/safe-buffer/-/safe-buffer-5.1.2.tgz",
      "integrity": "sha1-mR7GnSluAxN0fVm9/St0XDX4go0="
    },
    "set-immediate-shim": {
      "version": "1.0.1",
      "resolved": "http://10.0.5.26:8081/repository/sinosun-front-npm-group/set-immediate-shim/-/set-immediate-shim-1.0.1.tgz",
      "integrity": "sha1-SysbJ+uAip+NzEgaWOXlb1mfP2E="
    },
    "sinosun-jwe": {
      "version": "0.0.1",
      "resolved": "http://10.0.5.26:8081/repository/sinosun-front-npm-group/sinosun-jwe/-/sinosun-jwe-0.0.1.tgz",
      "integrity": "sha512-3r4ioh4yIx08UIyu5IQeDZvuShdeRIM4/qdGFgg/fjyvxYSCsp3CrpKExinurcfWw4gqV9eI7cJfZBJKTZWJjg==",
      "requires": {
        "@types/axios": "^0.14.0",
        "@types/node": "^14.14.22",
        "@types/qs": "^6.9.5",
        "crypto": "^1.0.1",
        "gm-crypto": "^0.1.7"
      }
    },
    "ssf": {
      "version": "0.10.3",
      "resolved": "http://10.0.5.26:8081/repository/sinosun-front-npm-group/ssf/-/ssf-0.10.3.tgz",
      "integrity": "sha1-jq4fwpyQpVLnkhII+BiS1vd6yys=",
      "requires": {
        "frac": "~1.1.2"
      }
    },
    "string_decoder": {
      "version": "1.1.1",
      "resolved": "http://10.0.5.26:8081/repository/sinosun-front-npm-group/string_decoder/-/string_decoder-1.1.1.tgz",
      "integrity": "sha1-nPFhG6YmhdcDCunkujQUnDrwP8g=",
      "requires": {
        "safe-buffer": "~5.1.0"
      }
    },
    "to-arraybuffer": {
      "version": "1.0.1",
      "resolved": "http://10.0.5.26:8081/repository/sinosun-front-npm-group/to-arraybuffer/-/to-arraybuffer-1.0.1.tgz",
      "integrity": "sha1-fSKbH8xjfkZsoIEYCDanqr/4P0M="
    },
    "util-deprecate": {
      "version": "1.0.2",
      "resolved": "http://10.0.5.26:8081/repository/sinosun-front-npm-group/util-deprecate/-/util-deprecate-1.0.2.tgz",
      "integrity": "sha1-RQ1Nyfpw3nMnYvvS1KKJgUGaDM8="
    },
    "wmf": {
      "version": "1.0.2",
      "resolved": "http://10.0.5.26:8081/repository/sinosun-front-npm-group/wmf/-/wmf-1.0.2.tgz",
      "integrity": "sha1-fRnWIQcaCMK9xrfmiKnENSmMwto="
    },
    "xlsx": {
      "version": "0.15.6",
      "resolved": "http://10.0.5.26:8081/repository/sinosun-front-npm-group/xlsx/-/xlsx-0.15.6.tgz",
      "integrity": "sha1-Rh+EHW2eoag3XizSRr8jrs4IodU=",
      "requires": {
        "adler-32": "~1.2.0",
        "cfb": "^1.1.4",
        "codepage": "~1.14.0",
        "commander": "~2.17.1",
        "crc-32": "~1.2.0",
        "exit-on-epipe": "~1.0.1",
        "ssf": "~0.10.3",
        "wmf": "~1.0.1"
      }
    }
  }
}
